lockfileVersion: 5.4

specifiers:
  '@tanstack/react-virtual': 3.0.0-alpha.0

dependencies:
  '@tanstack/react-virtual': 3.0.0-alpha.0

packages:

  /@babel/runtime/7.20.13:
    resolution: {integrity: sha512-gt3PKXs0DBoL9xCvOIIZ2NEqAGZqHjAnmVbfQtB620V0uReIQutpel14KcneZuer7UioY8ALKZ7iocavvzTNFA==}
    engines: {node: '>=6.9.0'}
    dependencies:
      regenerator-runtime: 0.13.11
    dev: false

  /@reach/observe-rect/1.2.0:
    resolution: {integrity: sha512-Ba7HmkFgfQxZqqaeIWWkNK0rEhpxVQHIoVyW1YDSkGsGIXzcaW4deC8B0pZrNSSyLTdIk7y+5olKt5+g0GmFIQ==}
    dev: false

  /@tanstack/react-virtual/3.0.0-alpha.0:
    resolution: {integrity: sha512-WpHU/dt34NwZZ8qtiE05TF+nX/b1W6qrWZarO+s8jJFpPVicrTbJKp5Bjt4eSJuk7aYw272oEfsH3ABBRgj+3A==}
    engines: {node: '>=12'}
    peerDependencies:
      react: '>=16'
    dependencies:
      '@babel/runtime': 7.20.13
      '@reach/observe-rect': 1.2.0
    dev: false

  /regenerator-runtime/0.13.11:
    resolution: {integrity: sha512-kY1AZVr2Ra+t+piVaJ4gxaFaReZVH40AKNo7UCX6W+dEwBo/2oZJzqfuN1qLq1oL45o56cPaTXELwrTh8Fpggg==}
    dev: false
